# THIS IS AN AUTOGENERATED FILE. DO NOT EDIT THIS FILE DIRECTLY.
# yarn lockfile v1


"@cloudflare/kv-asset-handler@0.4.0":
  version "0.4.0"
  resolved "https://registry.yarnpkg.com/@cloudflare/kv-asset-handler/-/kv-asset-handler-0.4.0.tgz#a8588c6a2e89bb3e87fb449295a901c9f6d3e1bf"
  integrity sha512-+tv3z+SPp+gqTIcImN9o0hqE9xyfQjI1XD9pL6NuKjua9B1y7mNYv0S9cP+QEbA4ppVgGZEmKOvHX5G5Ei1CVA==
  dependencies:
    mime "^3.0.0"

"@cloudflare/unenv-preset@2.3.1":
  version "2.3.1"
  resolved "https://registry.yarnpkg.com/@cloudflare/unenv-preset/-/unenv-preset-2.3.1.tgz#63c6af2b92adf904f25a10e3957df0db7f161622"
  integrity sha512-Xq57Qd+ADpt6hibcVBO0uLG9zzRgyRhfCUgBT9s+g3+3Ivg5zDyVgLFy40ES1VdNcu8rPNSivm9A+kGP5IVaPg==

"@cloudflare/workerd-darwin-64@1.20250321.0":
  version "1.20250321.0"
  resolved "https://registry.yarnpkg.com/@cloudflare/workerd-darwin-64/-/workerd-darwin-64-1.20250321.0.tgz#5f818ab34e76c779ef4f4bbc51024dffb2efda7f"
  integrity sha512-y273GfLaNCxkL8hTfo0c8FZKkOPdq+CPZAKJXPWB+YpS1JCOULu6lNTptpD7ZtF14dTYPkn5Weug31TTlviJmw==

"@cloudflare/workerd-darwin-arm64@1.20250321.0":
  version "1.20250321.0"
  resolved "https://registry.yarnpkg.com/@cloudflare/workerd-darwin-arm64/-/workerd-darwin-arm64-1.20250321.0.tgz#e135a95e40f73cb1474e3017d4da650f763cb251"
  integrity sha512-qvf7/gkkQq7fAsoMlntJSimN/WfwQqxi2oL0aWZMGodTvs/yRHO2I4oE0eOihVdK1BXyBHJXNxEvNDBjF0+Yuw==

"@cloudflare/workerd-linux-64@1.20250321.0":
  version "1.20250321.0"
  resolved "https://registry.yarnpkg.com/@cloudflare/workerd-linux-64/-/workerd-linux-64-1.20250321.0.tgz#8085785e43d378bdc6e686ce3251e972c2d569c7"
  integrity sha512-AEp3xjWFrNPO/h0StCOgOb0bWCcNThnkESpy91Wf4mfUF2p7tOCdp37Nk/1QIRqSxnfv4Hgxyi7gcWud9cJuMw==

"@cloudflare/workerd-linux-arm64@1.20250321.0":
  version "1.20250321.0"
  resolved "https://registry.yarnpkg.com/@cloudflare/workerd-linux-arm64/-/workerd-linux-arm64-1.20250321.0.tgz#7bb465cd8fb667d397a676c43c43bf7354857d44"
  integrity sha512-wRWyMIoPIS1UBXCisW0FYTgGsfZD4AVS0hXA5nuLc0c21CvzZpmmTjqEWMcwPFenwy/MNL61NautVOC4qJqQ3Q==

"@cloudflare/workerd-windows-64@1.20250321.0":
  version "1.20250321.0"
  resolved "https://registry.yarnpkg.com/@cloudflare/workerd-windows-64/-/workerd-windows-64-1.20250321.0.tgz#1794f910f5817dbdef58c22da570075fe70d7324"
  integrity sha512-8vYP3QYO0zo2faUDfWl88jjfUvz7Si9GS3mUYaTh/TR9LcAUtsO7muLxPamqEyoxNFtbQgy08R4rTid94KRi3w==

"@cloudflare/workers-types@^4.20250327.0":
  version "4.20250327.0"
  resolved "https://registry.yarnpkg.com/@cloudflare/workers-types/-/workers-types-4.20250327.0.tgz#3bbb830f3244c1a1ec9d9f809a9c003fa9206e7c"
  integrity sha512-rkoGnSY/GgBLCuhjZMIC3mt0jjqqvL17uOK92OI4eivmE+pMFOAchowDxIWOzDyYe5vwNCakbCeIM/FrSmwGJA==

"@cspotcode/source-map-support@0.8.1":
  version "0.8.1"
  resolved "https://registry.yarnpkg.com/@cspotcode/source-map-support/-/source-map-support-0.8.1.tgz#00629c35a688e05a88b1cda684fb9d5e73f000a1"
  integrity sha512-IchNf6dN4tHoMFIn/7OE8LWZ19Y6q/67Bmf6vnGREv8RSbBVb9LPJxEcnwrcwX6ixSvaiGoomAUvu4YSxXrVgw==
  dependencies:
    "@jridgewell/trace-mapping" "0.3.9"

"@emnapi/runtime@^1.2.0":
  version "1.4.0"
  resolved "https://registry.yarnpkg.com/@emnapi/runtime/-/runtime-1.4.0.tgz#8f509bf1059a5551c8fe829a1c4e91db35fdfbee"
  integrity sha512-64WYIf4UYcdLnbKn/umDlNjQDSS8AgZrI/R9+x5ilkUVFxXcA1Ebl+gQLc/6mERA4407Xof0R7wEyEuj091CVw==
  dependencies:
    tslib "^2.4.0"

"@esbuild/aix-ppc64@0.24.2":
  version "0.24.2"
  resolved "https://registry.yarnpkg.com/@esbuild/aix-ppc64/-/aix-ppc64-0.24.2.tgz#38848d3e25afe842a7943643cbcd387cc6e13461"
  integrity sha512-thpVCb/rhxE/BnMLQ7GReQLLN8q9qbHmI55F4489/ByVg2aQaQ6kbcLb6FHkocZzQhxc4gx0sCk0tJkKBFzDhA==

"@esbuild/android-arm64@0.24.2":
  version "0.24.2"
  resolved "https://registry.yarnpkg.com/@esbuild/android-arm64/-/android-arm64-0.24.2.tgz#f592957ae8b5643129fa889c79e69cd8669bb894"
  integrity sha512-cNLgeqCqV8WxfcTIOeL4OAtSmL8JjcN6m09XIgro1Wi7cF4t/THaWEa7eL5CMoMBdjoHOTh/vwTO/o2TRXIyzg==

"@esbuild/android-arm@0.24.2":
  version "0.24.2"
  resolved "https://registry.yarnpkg.com/@esbuild/android-arm/-/android-arm-0.24.2.tgz#72d8a2063aa630308af486a7e5cbcd1e134335b3"
  integrity sha512-tmwl4hJkCfNHwFB3nBa8z1Uy3ypZpxqxfTQOcHX+xRByyYgunVbZ9MzUUfb0RxaHIMnbHagwAxuTL+tnNM+1/Q==

"@esbuild/android-x64@0.24.2":
  version "0.24.2"
  resolved "https://registry.yarnpkg.com/@esbuild/android-x64/-/android-x64-0.24.2.tgz#9a7713504d5f04792f33be9c197a882b2d88febb"
  integrity sha512-B6Q0YQDqMx9D7rvIcsXfmJfvUYLoP722bgfBlO5cGvNVb5V/+Y7nhBE3mHV9OpxBf4eAS2S68KZztiPaWq4XYw==

"@esbuild/darwin-arm64@0.24.2":
  version "0.24.2"
  resolved "https://registry.yarnpkg.com/@esbuild/darwin-arm64/-/darwin-arm64-0.24.2.tgz#02ae04ad8ebffd6e2ea096181b3366816b2b5936"
  integrity sha512-kj3AnYWc+CekmZnS5IPu9D+HWtUI49hbnyqk0FLEJDbzCIQt7hg7ucF1SQAilhtYpIujfaHr6O0UHlzzSPdOeA==

"@esbuild/darwin-x64@0.24.2":
  version "0.24.2"
  resolved "https://registry.yarnpkg.com/@esbuild/darwin-x64/-/darwin-x64-0.24.2.tgz#9ec312bc29c60e1b6cecadc82bd504d8adaa19e9"
  integrity sha512-WeSrmwwHaPkNR5H3yYfowhZcbriGqooyu3zI/3GGpF8AyUdsrrP0X6KumITGA9WOyiJavnGZUwPGvxvwfWPHIA==

"@esbuild/freebsd-arm64@0.24.2":
  version "0.24.2"
  resolved "https://registry.yarnpkg.com/@esbuild/freebsd-arm64/-/freebsd-arm64-0.24.2.tgz#5e82f44cb4906d6aebf24497d6a068cfc152fa00"
  integrity sha512-UN8HXjtJ0k/Mj6a9+5u6+2eZ2ERD7Edt1Q9IZiB5UZAIdPnVKDoG7mdTVGhHJIeEml60JteamR3qhsr1r8gXvg==

"@esbuild/freebsd-x64@0.24.2":
  version "0.24.2"
  resolved "https://registry.yarnpkg.com/@esbuild/freebsd-x64/-/freebsd-x64-0.24.2.tgz#3fb1ce92f276168b75074b4e51aa0d8141ecce7f"
  integrity sha512-TvW7wE/89PYW+IevEJXZ5sF6gJRDY/14hyIGFXdIucxCsbRmLUcjseQu1SyTko+2idmCw94TgyaEZi9HUSOe3Q==

"@esbuild/linux-arm64@0.24.2":
  version "0.24.2"
  resolved "https://registry.yarnpkg.com/@esbuild/linux-arm64/-/linux-arm64-0.24.2.tgz#856b632d79eb80aec0864381efd29de8fd0b1f43"
  integrity sha512-7HnAD6074BW43YvvUmE/35Id9/NB7BeX5EoNkK9obndmZBUk8xmJJeU7DwmUeN7tkysslb2eSl6CTrYz6oEMQg==

"@esbuild/linux-arm@0.24.2":
  version "0.24.2"
  resolved "https://registry.yarnpkg.com/@esbuild/linux-arm/-/linux-arm-0.24.2.tgz#c846b4694dc5a75d1444f52257ccc5659021b736"
  integrity sha512-n0WRM/gWIdU29J57hJyUdIsk0WarGd6To0s+Y+LwvlC55wt+GT/OgkwoXCXvIue1i1sSNWblHEig00GBWiJgfA==

"@esbuild/linux-ia32@0.24.2":
  version "0.24.2"
  resolved "https://registry.yarnpkg.com/@esbuild/linux-ia32/-/linux-ia32-0.24.2.tgz#f8a16615a78826ccbb6566fab9a9606cfd4a37d5"
  integrity sha512-sfv0tGPQhcZOgTKO3oBE9xpHuUqguHvSo4jl+wjnKwFpapx+vUDcawbwPNuBIAYdRAvIDBfZVvXprIj3HA+Ugw==

"@esbuild/linux-loong64@0.24.2":
  version "0.24.2"
  resolved "https://registry.yarnpkg.com/@esbuild/linux-loong64/-/linux-loong64-0.24.2.tgz#1c451538c765bf14913512c76ed8a351e18b09fc"
  integrity sha512-CN9AZr8kEndGooS35ntToZLTQLHEjtVB5n7dl8ZcTZMonJ7CCfStrYhrzF97eAecqVbVJ7APOEe18RPI4KLhwQ==

"@esbuild/linux-mips64el@0.24.2":
  version "0.24.2"
  resolved "https://registry.yarnpkg.com/@esbuild/linux-mips64el/-/linux-mips64el-0.24.2.tgz#0846edeefbc3d8d50645c51869cc64401d9239cb"
  integrity sha512-iMkk7qr/wl3exJATwkISxI7kTcmHKE+BlymIAbHO8xanq/TjHaaVThFF6ipWzPHryoFsesNQJPE/3wFJw4+huw==

"@esbuild/linux-ppc64@0.24.2":
  version "0.24.2"
  resolved "https://registry.yarnpkg.com/@esbuild/linux-ppc64/-/linux-ppc64-0.24.2.tgz#8e3fc54505671d193337a36dfd4c1a23b8a41412"
  integrity sha512-shsVrgCZ57Vr2L8mm39kO5PPIb+843FStGt7sGGoqiiWYconSxwTiuswC1VJZLCjNiMLAMh34jg4VSEQb+iEbw==

"@esbuild/linux-riscv64@0.24.2":
  version "0.24.2"
  resolved "https://registry.yarnpkg.com/@esbuild/linux-riscv64/-/linux-riscv64-0.24.2.tgz#6a1e92096d5e68f7bb10a0d64bb5b6d1daf9a694"
  integrity sha512-4eSFWnU9Hhd68fW16GD0TINewo1L6dRrB+oLNNbYyMUAeOD2yCK5KXGK1GH4qD/kT+bTEXjsyTCiJGHPZ3eM9Q==

"@esbuild/linux-s390x@0.24.2":
  version "0.24.2"
  resolved "https://registry.yarnpkg.com/@esbuild/linux-s390x/-/linux-s390x-0.24.2.tgz#ab18e56e66f7a3c49cb97d337cd0a6fea28a8577"
  integrity sha512-S0Bh0A53b0YHL2XEXC20bHLuGMOhFDO6GN4b3YjRLK//Ep3ql3erpNcPlEFed93hsQAjAQDNsvcK+hV90FubSw==

"@esbuild/linux-x64@0.24.2":
  version "0.24.2"
  resolved "https://registry.yarnpkg.com/@esbuild/linux-x64/-/linux-x64-0.24.2.tgz#8140c9b40da634d380b0b29c837a0b4267aff38f"
  integrity sha512-8Qi4nQcCTbLnK9WoMjdC9NiTG6/E38RNICU6sUNqK0QFxCYgoARqVqxdFmWkdonVsvGqWhmm7MO0jyTqLqwj0Q==

"@esbuild/netbsd-arm64@0.24.2":
  version "0.24.2"
  resolved "https://registry.yarnpkg.com/@esbuild/netbsd-arm64/-/netbsd-arm64-0.24.2.tgz#65f19161432bafb3981f5f20a7ff45abb2e708e6"
  integrity sha512-wuLK/VztRRpMt9zyHSazyCVdCXlpHkKm34WUyinD2lzK07FAHTq0KQvZZlXikNWkDGoT6x3TD51jKQ7gMVpopw==

"@esbuild/netbsd-x64@0.24.2":
  version "0.24.2"
  resolved "https://registry.yarnpkg.com/@esbuild/netbsd-x64/-/netbsd-x64-0.24.2.tgz#7a3a97d77abfd11765a72f1c6f9b18f5396bcc40"
  integrity sha512-VefFaQUc4FMmJuAxmIHgUmfNiLXY438XrL4GDNV1Y1H/RW3qow68xTwjZKfj/+Plp9NANmzbH5R40Meudu8mmw==

"@esbuild/openbsd-arm64@0.24.2":
  version "0.24.2"
  resolved "https://registry.yarnpkg.com/@esbuild/openbsd-arm64/-/openbsd-arm64-0.24.2.tgz#58b00238dd8f123bfff68d3acc53a6ee369af89f"
  integrity sha512-YQbi46SBct6iKnszhSvdluqDmxCJA+Pu280Av9WICNwQmMxV7nLRHZfjQzwbPs3jeWnuAhE9Jy0NrnJ12Oz+0A==

"@esbuild/openbsd-x64@0.24.2":
  version "0.24.2"
  resolved "https://registry.yarnpkg.com/@esbuild/openbsd-x64/-/openbsd-x64-0.24.2.tgz#0ac843fda0feb85a93e288842936c21a00a8a205"
  integrity sha512-+iDS6zpNM6EnJyWv0bMGLWSWeXGN/HTaF/LXHXHwejGsVi+ooqDfMCCTerNFxEkM3wYVcExkeGXNqshc9iMaOA==

"@esbuild/sunos-x64@0.24.2":
  version "0.24.2"
  resolved "https://registry.yarnpkg.com/@esbuild/sunos-x64/-/sunos-x64-0.24.2.tgz#8b7aa895e07828d36c422a4404cc2ecf27fb15c6"
  integrity sha512-hTdsW27jcktEvpwNHJU4ZwWFGkz2zRJUz8pvddmXPtXDzVKTTINmlmga3ZzwcuMpUvLw7JkLy9QLKyGpD2Yxig==

"@esbuild/win32-arm64@0.24.2":
  version "0.24.2"
  resolved "https://registry.yarnpkg.com/@esbuild/win32-arm64/-/win32-arm64-0.24.2.tgz#c023afb647cabf0c3ed13f0eddfc4f1d61c66a85"
  integrity sha512-LihEQ2BBKVFLOC9ZItT9iFprsE9tqjDjnbulhHoFxYQtQfai7qfluVODIYxt1PgdoyQkz23+01rzwNwYfutxUQ==

"@esbuild/win32-ia32@0.24.2":
  version "0.24.2"
  resolved "https://registry.yarnpkg.com/@esbuild/win32-ia32/-/win32-ia32-0.24.2.tgz#96c356132d2dda990098c8b8b951209c3cd743c2"
  integrity sha512-q+iGUwfs8tncmFC9pcnD5IvRHAzmbwQ3GPS5/ceCyHdjXubwQWI12MKWSNSMYLJMq23/IUCvJMS76PDqXe1fxA==

"@esbuild/win32-x64@0.24.2":
  version "0.24.2"
  resolved "https://registry.yarnpkg.com/@esbuild/win32-x64/-/win32-x64-0.24.2.tgz#34aa0b52d0fbb1a654b596acfa595f0c7b77a77b"
  integrity sha512-7VTgWzgMGvup6aSqDPLiW5zHaxYJGTO4OokMjIlrCtf+VpEL+cXKtCvg723iguPYI5oaUNdS+/V7OU2gvXVWEg==

"@fastify/busboy@^2.0.0":
  version "2.1.1"
  resolved "https://registry.yarnpkg.com/@fastify/busboy/-/busboy-2.1.1.tgz#b9da6a878a371829a0502c9b6c1c143ef6663f4d"
  integrity sha512-vBZP4NlzfOlerQTnba4aqZoMhE/a9HY7HRqoOPaETQcSQuWEIyZMHGfVu6w9wGtGK5fED5qRs2DteVCjOH60sA==

"@img/sharp-darwin-arm64@0.33.5":
  version "0.33.5"
  resolved "https://registry.yarnpkg.com/@img/sharp-darwin-arm64/-/sharp-darwin-arm64-0.33.5.tgz#ef5b5a07862805f1e8145a377c8ba6e98813ca08"
  integrity sha512-UT4p+iz/2H4twwAoLCqfA9UH5pI6DggwKEGuaPy7nCVQ8ZsiY5PIcrRvD1DzuY3qYL07NtIQcWnBSY/heikIFQ==
  optionalDependencies:
    "@img/sharp-libvips-darwin-arm64" "1.0.4"

"@img/sharp-darwin-x64@0.33.5":
  version "0.33.5"
  resolved "https://registry.yarnpkg.com/@img/sharp-darwin-x64/-/sharp-darwin-x64-0.33.5.tgz#e03d3451cd9e664faa72948cc70a403ea4063d61"
  integrity sha512-fyHac4jIc1ANYGRDxtiqelIbdWkIuQaI84Mv45KvGRRxSAa7o7d1ZKAOBaYbnepLC1WqxfpimdeWfvqqSGwR2Q==
  optionalDependencies:
    "@img/sharp-libvips-darwin-x64" "1.0.4"

"@img/sharp-libvips-darwin-arm64@1.0.4":
  version "1.0.4"
  resolved "https://registry.yarnpkg.com/@img/sharp-libvips-darwin-arm64/-/sharp-libvips-darwin-arm64-1.0.4.tgz#447c5026700c01a993c7804eb8af5f6e9868c07f"
  integrity sha512-XblONe153h0O2zuFfTAbQYAX2JhYmDHeWikp1LM9Hul9gVPjFY427k6dFEcOL72O01QxQsWi761svJ/ev9xEDg==

"@img/sharp-libvips-darwin-x64@1.0.4":
  version "1.0.4"
  resolved "https://registry.yarnpkg.com/@img/sharp-libvips-darwin-x64/-/sharp-libvips-darwin-x64-1.0.4.tgz#e0456f8f7c623f9dbfbdc77383caa72281d86062"
  integrity sha512-xnGR8YuZYfJGmWPvmlunFaWJsb9T/AO2ykoP3Fz/0X5XV2aoYBPkX6xqCQvUTKKiLddarLaxpzNe+b1hjeWHAQ==

"@img/sharp-libvips-linux-arm64@1.0.4":
  version "1.0.4"
  resolved "https://registry.yarnpkg.com/@img/sharp-libvips-linux-arm64/-/sharp-libvips-linux-arm64-1.0.4.tgz#979b1c66c9a91f7ff2893556ef267f90ebe51704"
  integrity sha512-9B+taZ8DlyyqzZQnoeIvDVR/2F4EbMepXMc/NdVbkzsJbzkUjhXv/70GQJ7tdLA4YJgNP25zukcxpX2/SueNrA==

"@img/sharp-libvips-linux-arm@1.0.5":
  version "1.0.5"
  resolved "https://registry.yarnpkg.com/@img/sharp-libvips-linux-arm/-/sharp-libvips-linux-arm-1.0.5.tgz#99f922d4e15216ec205dcb6891b721bfd2884197"
  integrity sha512-gvcC4ACAOPRNATg/ov8/MnbxFDJqf/pDePbBnuBDcjsI8PssmjoKMAz4LtLaVi+OnSb5FK/yIOamqDwGmXW32g==

"@img/sharp-libvips-linux-s390x@1.0.4":
  version "1.0.4"
  resolved "https://registry.yarnpkg.com/@img/sharp-libvips-linux-s390x/-/sharp-libvips-linux-s390x-1.0.4.tgz#f8a5eb1f374a082f72b3f45e2fb25b8118a8a5ce"
  integrity sha512-u7Wz6ntiSSgGSGcjZ55im6uvTrOxSIS8/dgoVMoiGE9I6JAfU50yH5BoDlYA1tcuGS7g/QNtetJnxA6QEsCVTA==

"@img/sharp-libvips-linux-x64@1.0.4":
  version "1.0.4"
  resolved "https://registry.yarnpkg.com/@img/sharp-libvips-linux-x64/-/sharp-libvips-linux-x64-1.0.4.tgz#d4c4619cdd157774906e15770ee119931c7ef5e0"
  integrity sha512-MmWmQ3iPFZr0Iev+BAgVMb3ZyC4KeFc3jFxnNbEPas60e1cIfevbtuyf9nDGIzOaW9PdnDciJm+wFFaTlj5xYw==

"@img/sharp-libvips-linuxmusl-arm64@1.0.4":
  version "1.0.4"
  resolved "https://registry.yarnpkg.com/@img/sharp-libvips-linuxmusl-arm64/-/sharp-libvips-linuxmusl-arm64-1.0.4.tgz#166778da0f48dd2bded1fa3033cee6b588f0d5d5"
  integrity sha512-9Ti+BbTYDcsbp4wfYib8Ctm1ilkugkA/uscUn6UXK1ldpC1JjiXbLfFZtRlBhjPZ5o1NCLiDbg8fhUPKStHoTA==

"@img/sharp-libvips-linuxmusl-x64@1.0.4":
  version "1.0.4"
  resolved "https://registry.yarnpkg.com/@img/sharp-libvips-linuxmusl-x64/-/sharp-libvips-linuxmusl-x64-1.0.4.tgz#93794e4d7720b077fcad3e02982f2f1c246751ff"
  integrity sha512-viYN1KX9m+/hGkJtvYYp+CCLgnJXwiQB39damAO7WMdKWlIhmYTfHjwSbQeUK/20vY154mwezd9HflVFM1wVSw==

"@img/sharp-linux-arm64@0.33.5":
  version "0.33.5"
  resolved "https://registry.yarnpkg.com/@img/sharp-linux-arm64/-/sharp-linux-arm64-0.33.5.tgz#edb0697e7a8279c9fc829a60fc35644c4839bb22"
  integrity sha512-JMVv+AMRyGOHtO1RFBiJy/MBsgz0x4AWrT6QoEVVTyh1E39TrCUpTRI7mx9VksGX4awWASxqCYLCV4wBZHAYxA==
  optionalDependencies:
    "@img/sharp-libvips-linux-arm64" "1.0.4"

"@img/sharp-linux-arm@0.33.5":
  version "0.33.5"
  resolved "https://registry.yarnpkg.com/@img/sharp-linux-arm/-/sharp-linux-arm-0.33.5.tgz#422c1a352e7b5832842577dc51602bcd5b6f5eff"
  integrity sha512-JTS1eldqZbJxjvKaAkxhZmBqPRGmxgu+qFKSInv8moZ2AmT5Yib3EQ1c6gp493HvrvV8QgdOXdyaIBrhvFhBMQ==
  optionalDependencies:
    "@img/sharp-libvips-linux-arm" "1.0.5"

"@img/sharp-linux-s390x@0.33.5":
  version "0.33.5"
  resolved "https://registry.yarnpkg.com/@img/sharp-linux-s390x/-/sharp-linux-s390x-0.33.5.tgz#f5c077926b48e97e4a04d004dfaf175972059667"
  integrity sha512-y/5PCd+mP4CA/sPDKl2961b+C9d+vPAveS33s6Z3zfASk2j5upL6fXVPZi7ztePZ5CuH+1kW8JtvxgbuXHRa4Q==
  optionalDependencies:
    "@img/sharp-libvips-linux-s390x" "1.0.4"

"@img/sharp-linux-x64@0.33.5":
  version "0.33.5"
  resolved "https://registry.yarnpkg.com/@img/sharp-linux-x64/-/sharp-linux-x64-0.33.5.tgz#d806e0afd71ae6775cc87f0da8f2d03a7c2209cb"
  integrity sha512-opC+Ok5pRNAzuvq1AG0ar+1owsu842/Ab+4qvU879ippJBHvyY5n2mxF1izXqkPYlGuP/M556uh53jRLJmzTWA==
  optionalDependencies:
    "@img/sharp-libvips-linux-x64" "1.0.4"

"@img/sharp-linuxmusl-arm64@0.33.5":
  version "0.33.5"
  resolved "https://registry.yarnpkg.com/@img/sharp-linuxmusl-arm64/-/sharp-linuxmusl-arm64-0.33.5.tgz#252975b915894fb315af5deea174651e208d3d6b"
  integrity sha512-XrHMZwGQGvJg2V/oRSUfSAfjfPxO+4DkiRh6p2AFjLQztWUuY/o8Mq0eMQVIY7HJ1CDQUJlxGGZRw1a5bqmd1g==
  optionalDependencies:
    "@img/sharp-libvips-linuxmusl-arm64" "1.0.4"

"@img/sharp-linuxmusl-x64@0.33.5":
  version "0.33.5"
  resolved "https://registry.yarnpkg.com/@img/sharp-linuxmusl-x64/-/sharp-linuxmusl-x64-0.33.5.tgz#3f4609ac5d8ef8ec7dadee80b560961a60fd4f48"
  integrity sha512-WT+d/cgqKkkKySYmqoZ8y3pxx7lx9vVejxW/W4DOFMYVSkErR+w7mf2u8m/y4+xHe7yY9DAXQMWQhpnMuFfScw==
  optionalDependencies:
    "@img/sharp-libvips-linuxmusl-x64" "1.0.4"

"@img/sharp-wasm32@0.33.5":
  version "0.33.5"
  resolved "https://registry.yarnpkg.com/@img/sharp-wasm32/-/sharp-wasm32-0.33.5.tgz#6f44f3283069d935bb5ca5813153572f3e6f61a1"
  integrity sha512-ykUW4LVGaMcU9lu9thv85CbRMAwfeadCJHRsg2GmeRa/cJxsVY9Rbd57JcMxBkKHag5U/x7TSBpScF4U8ElVzg==
  dependencies:
    "@emnapi/runtime" "^1.2.0"

"@img/sharp-win32-ia32@0.33.5":
  version "0.33.5"
  resolved "https://registry.yarnpkg.com/@img/sharp-win32-ia32/-/sharp-win32-ia32-0.33.5.tgz#1a0c839a40c5351e9885628c85f2e5dfd02b52a9"
  integrity sha512-T36PblLaTwuVJ/zw/LaH0PdZkRz5rd3SmMHX8GSmR7vtNSP5Z6bQkExdSK7xGWyxLw4sUknBuugTelgw2faBbQ==

"@img/sharp-win32-x64@0.33.5":
  version "0.33.5"
  resolved "https://registry.yarnpkg.com/@img/sharp-win32-x64/-/sharp-win32-x64-0.33.5.tgz#56f00962ff0c4e0eb93d34a047d29fa995e3e342"
  integrity sha512-MpY/o8/8kj+EcnxwvrP4aTJSWw/aZ7JIGR4aBeZkZw5B7/Jn+tY9/VNwtcoGmdT7GfggGIU4kygOMSbYnOrAbg==

"@jridgewell/resolve-uri@^3.0.3":
  version "3.1.2"
  resolved "https://registry.yarnpkg.com/@jridgewell/resolve-uri/-/resolve-uri-3.1.2.tgz#7a0ee601f60f99a20c7c7c5ff0c80388c1189bd6"
  integrity sha512-bRISgCIjP20/tbWSPWMEi54QVPRZExkuD9lJL+UIxUKtwVJA8wW1Trb1jMs1RFXo1CBTNZ/5hpC9QvmKWdopKw==

"@jridgewell/sourcemap-codec@^1.4.10":
  version "1.5.0"
  resolved "https://registry.yarnpkg.com/@jridgewell/sourcemap-codec/-/sourcemap-codec-1.5.0.tgz#3188bcb273a414b0d215fd22a58540b989b9409a"
  integrity sha512-gv3ZRaISU3fjPAgNsriBRqGWQL6quFx04YMPW/zD8XMLsU32mhCCbfbO6KZFLjvYpCZ8zyDEgqsgf+PwPaM7GQ==

"@jridgewell/trace-mapping@0.3.9":
  version "0.3.9"
  resolved "https://registry.yarnpkg.com/@jridgewell/trace-mapping/-/trace-mapping-0.3.9.tgz#6534fd5933a53ba7cbf3a17615e273a0d1273ff9"
  integrity sha512-3Belt6tdc8bPgAtbcmdtNJlirVoTmEb5e2gC94PnkwEW9jI6CAHUeoG85tjWP5WquqfavoMtMwiG4P926ZKKuQ==
  dependencies:
    "@jridgewell/resolve-uri" "^3.0.3"
    "@jridgewell/sourcemap-codec" "^1.4.10"

"@types/lodash.get@^4.4.9":
  version "4.4.9"
  resolved "https://registry.yarnpkg.com/@types/lodash.get/-/lodash.get-4.4.9.tgz#6390714bf688321d9a445cbc8e90220635649713"
  integrity sha512-J5dvW98sxmGnamqf+/aLP87PYXyrha9xIgc2ZlHl6OHMFR2Ejdxep50QfU0abO1+CH6+ugx+8wEUN1toImAinA==
  dependencies:
    "@types/lodash" "*"

"@types/lodash@*":
  version "4.17.16"
  resolved "https://registry.yarnpkg.com/@types/lodash/-/lodash-4.17.16.tgz#94ae78fab4a38d73086e962d0b65c30d816bfb0a"
  integrity sha512-HX7Em5NYQAXKW+1T+FiuG27NGwzJfCX3s1GjOa7ujxZa52kjJLOr4FUxT+giF6Tgxv1e+/czV/iTtBw27WTU9g==

acorn-walk@8.3.2:
  version "8.3.2"
  resolved "https://registry.yarnpkg.com/acorn-walk/-/acorn-walk-8.3.2.tgz#7703af9415f1b6db9315d6895503862e231d34aa"
  integrity sha512-cjkyv4OtNCIeqhHrfS81QWXoCBPExR/J62oyEqepVw8WaQeSqpW2uhuLPh1m9eWhDuOo/jUXVTlifvesOWp/4A==

acorn@8.14.0:
  version "8.14.0"
  resolved "https://registry.yarnpkg.com/acorn/-/acorn-8.14.0.tgz#063e2c70cac5fb4f6467f0b11152e04c682795b0"
  integrity sha512-cl669nCJTZBsL97OF4kUQm5g5hC2uihk0NxY3WENAC0TYdILVkAyHymAntgxGkl7K+t0cXIrH5siy5S4XkFycA==

as-table@^1.0.36:
  version "1.0.55"
  resolved "https://registry.yarnpkg.com/as-table/-/as-table-1.0.55.tgz#dc984da3937745de902cea1d45843c01bdbbec4f"
  integrity sha512-xvsWESUJn0JN421Xb9MQw6AsMHRCUknCe0Wjlxvjud80mU4E6hQf1A6NzQKcYNmYw62MfzEtXc+badstZP3JpQ==
  dependencies:
    printable-characters "^1.0.42"

asynckit@^0.4.0:
  version "0.4.0"
  resolved "https://registry.yarnpkg.com/asynckit/-/asynckit-0.4.0.tgz#c79ed97f7f34cb8f2ba1bc9790bcc366474b4b79"
  integrity sha512-Oei9OH4tRh0YqU3GxhX79dM/mwVgvbZJaSNaRk+bshkj0S5cfHcgYakreBjrHwatXKbz+IoIdYLxrKim2MjW0Q==

axios@^1.8.4:
  version "1.8.4"
  resolved "https://registry.yarnpkg.com/axios/-/axios-1.8.4.tgz#78990bb4bc63d2cae072952d374835950a82f447"
  integrity sha512-eBSYY4Y68NNlHbHBMdeDmKNtDgXWhQsJcGqzO3iLUM0GraQFSS9cVgPX5I9b3lbdFKyYoAEGAZF1DwhTaljNAw==
  dependencies:
    follow-redirects "^1.15.6"
    form-data "^4.0.0"
    proxy-from-env "^1.1.0"

blake3-wasm@2.1.5:
  version "2.1.5"
  resolved "https://registry.yarnpkg.com/blake3-wasm/-/blake3-wasm-2.1.5.tgz#b22dbb84bc9419ed0159caa76af4b1b132e6ba52"
  integrity sha512-F1+K8EbfOZE49dtoPtmxUQrpXaBIl3ICvasLh+nJta0xkz+9kF/7uet9fLnwKqhDrmj6g+6K3Tw9yQPUg2ka5g==

call-bind-apply-helpers@^1.0.1, call-bind-apply-helpers@^1.0.2:
  version "1.0.2"
  resolved "https://registry.yarnpkg.com/call-bind-apply-helpers/-/call-bind-apply-helpers-1.0.2.tgz#4b5428c222be985d79c3d82657479dbe0b59b2d6"
  integrity sha512-Sp1ablJ0ivDkSzjcaJdxEunN5/XvksFJ2sMBFfq6x0ryhQV/2b/KwFe21cMpmHtPOSij8K99/wSfoEuTObmuMQ==
  dependencies:
    es-errors "^1.3.0"
    function-bind "^1.1.2"

color-convert@^2.0.1:
  version "2.0.1"
  resolved "https://registry.yarnpkg.com/color-convert/-/color-convert-2.0.1.tgz#72d3a68d598c9bdb3af2ad1e84f21d896abd4de3"
  integrity sha512-RRECPsj7iu/xb5oKYcsFHSppFNnsj/52OVTRKb4zP5onXwVF3zVmmToNcOfGC+CRDpfK/U584fMg38ZHCaElKQ==
  dependencies:
    color-name "~1.1.4"

color-name@^1.0.0, color-name@~1.1.4:
  version "1.1.4"
  resolved "https://registry.yarnpkg.com/color-name/-/color-name-1.1.4.tgz#c2a09a87acbde69543de6f63fa3995c826c536a2"
  integrity sha512-dOy+3AuW3a2wNbZHIuMZpTcgjGuLU/uBL/ubcZF9OXbDo8ff4O8yVp5Bf0efS8uEoYo5q4Fx7dY9OgQGXgAsQA==

color-string@^1.9.0:
  version "1.9.1"
  resolved "https://registry.yarnpkg.com/color-string/-/color-string-1.9.1.tgz#4467f9146f036f855b764dfb5bf8582bf342c7a4"
  integrity sha512-shrVawQFojnZv6xM40anx4CkoDP+fZsw/ZerEMsW/pyzsRbElpsL/DBVW7q3ExxwusdNXI3lXpuhEZkzs8p5Eg==
  dependencies:
    color-name "^1.0.0"
    simple-swizzle "^0.2.2"

color@^4.2.3:
  version "4.2.3"
  resolved "https://registry.yarnpkg.com/color/-/color-4.2.3.tgz#d781ecb5e57224ee43ea9627560107c0e0c6463a"
  integrity sha512-1rXeuUUiGGrykh+CeBdu5Ie7OJwinCgQY0bc7GCRxy5xVHy+moaqkpL/jqQq0MtQOeYcrqEz4abc5f0KtU7W4A==
  dependencies:
    color-convert "^2.0.1"
    color-string "^1.9.0"

combined-stream@^1.0.8:
  version "1.0.8"
  resolved "https://registry.yarnpkg.com/combined-stream/-/combined-stream-1.0.8.tgz#c3d45a8b34fd730631a110a8a2520682b31d5a7f"
  integrity sha512-FQN4MRfuJeHf7cBbBMJFXhKSDq+2kAArBlmRBvcvFE5BB1HZKXtSFASDhdlz9zOYwxh8lDdnvmMOe/+5cdoEdg==
  dependencies:
    delayed-stream "~1.0.0"

cookie@^0.5.0:
  version "0.5.0"
  resolved "https://registry.yarnpkg.com/cookie/-/cookie-0.5.0.tgz#d1f5d71adec6558c58f389987c366aa47e994f8b"
  integrity sha512-YZ3GUyn/o8gfKJlnlX7g7xq4gyO6OSuhGPKaaGssGB2qgDUS0gPgtTvoyZLTt9Ab6dC4hfc9dV5arkvc/OCmrw==

cron-parser@^4.2.0:
  version "4.9.0"
  resolved "https://registry.yarnpkg.com/cron-parser/-/cron-parser-4.9.0.tgz#0340694af3e46a0894978c6f52a6dbb5c0f11ad5"
  integrity sha512-p0SaNjrHOnQeR8/VnfGbmg9te2kfyYSQ7Sc/j/6DtPL3JQvKxmjO9TSjNFpujqV3vEYYBvNNvXSxzyksBWAx1Q==
  dependencies:
    luxon "^3.2.1"

data-uri-to-buffer@^2.0.0:
  version "2.0.2"
  resolved "https://registry.yarnpkg.com/data-uri-to-buffer/-/data-uri-to-buffer-2.0.2.tgz#d296973d5a4897a5dbe31716d118211921f04770"
  integrity sha512-ND9qDTLc6diwj+Xe5cdAgVTbLVdXbtxTJRXRhli8Mowuaan+0EJOtdqJ0QCHNSSPyoXGx9HX2/VMnKeC34AChA==

defu@^6.1.4:
  version "6.1.4"
  resolved "https://registry.yarnpkg.com/defu/-/defu-6.1.4.tgz#4e0c9cf9ff68fe5f3d7f2765cc1a012dfdcb0479"
  integrity sha512-mEQCMmwJu317oSz8CwdIOdwf3xMif1ttiM8LTufzc3g6kR+9Pe236twL8j3IYT1F7GfRgGcW6MWxzZjLIkuHIg==

delayed-stream@~1.0.0:
  version "1.0.0"
  resolved "https://registry.yarnpkg.com/delayed-stream/-/delayed-stream-1.0.0.tgz#df3ae199acadfb7d440aaae0b29e2272b24ec619"
  integrity sha512-ZySD7Nf91aLB0RxL4KGrKHBXl7Eds1DAmEdcoVawXnLD7SDhpNgtuII2aAkg7a7QS41jxPSZ17p4VdGnMHk3MQ==

detect-libc@^2.0.3:
  version "2.0.3"
  resolved "https://registry.yarnpkg.com/detect-libc/-/detect-libc-2.0.3.tgz#f0cd503b40f9939b894697d19ad50895e30cf700"
  integrity sha512-bwy0MGW55bG41VqxxypOsdSdGqLwXPI/focwgTYCFMbdUiBAxLg9CFzG08sz2aqzknwiX7Hkl0bQENjg8iLByw==

dunder-proto@^1.0.1:
  version "1.0.1"
  resolved "https://registry.yarnpkg.com/dunder-proto/-/dunder-proto-1.0.1.tgz#d7ae667e1dc83482f8b70fd0f6eefc50da30f58a"
  integrity sha512-KIN/nDJBQRcXw0MLVhZE9iQHmG68qAVIBg9CqmUYjmQIhgij9U5MFvrqkUL5FbtyyzZuOeOt0zdeRe4UY7ct+A==
  dependencies:
    call-bind-apply-helpers "^1.0.1"
    es-errors "^1.3.0"
    gopd "^1.2.0"

es-define-property@^1.0.1:
  version "1.0.1"
  resolved "https://registry.yarnpkg.com/es-define-property/-/es-define-property-1.0.1.tgz#983eb2f9a6724e9303f61addf011c72e09e0b0fa"
  integrity sha512-e3nRfgfUZ4rNGL232gUgX06QNyyez04KdjFrF+LTRoOXmrOgFKDg4BCdsjW8EnT69eqdYGmRpJwiPVYNrCaW3g==

es-errors@^1.3.0:
  version "1.3.0"
  resolved "https://registry.yarnpkg.com/es-errors/-/es-errors-1.3.0.tgz#05f75a25dab98e4fb1dcd5e1472c0546d5057c8f"
  integrity sha512-Zf5H2Kxt2xjTvbJvP2ZWLEICxA6j+hAmMzIlypy4xcBg1vKVnx89Wy0GbS+kf5cwCVFFzdCFh2XSCFNULS6csw==

es-object-atoms@^1.0.0, es-object-atoms@^1.1.1:
  version "1.1.1"
  resolved "https://registry.yarnpkg.com/es-object-atoms/-/es-object-atoms-1.1.1.tgz#1c4f2c4837327597ce69d2ca190a7fdd172338c1"
  integrity sha512-FGgH2h8zKNim9ljj7dankFPcICIK9Cp5bm+c2gQSYePhpaG5+esrLODihIorn+Pe6FGJzWhXQotPv73jTaldXA==
  dependencies:
    es-errors "^1.3.0"

es-set-tostringtag@^2.1.0:
  version "2.1.0"
  resolved "https://registry.yarnpkg.com/es-set-tostringtag/-/es-set-tostringtag-2.1.0.tgz#f31dbbe0c183b00a6d26eb6325c810c0fd18bd4d"
  integrity sha512-j6vWzfrGVfyXxge+O0x5sh6cvxAog0a/4Rdd2K36zCMV5eJ+/+tOAngRO8cODMNWbVRdVlmGZQL2YS3yR8bIUA==
  dependencies:
    es-errors "^1.3.0"
    get-intrinsic "^1.2.6"
    has-tostringtag "^1.0.2"
    hasown "^2.0.2"

esbuild@0.24.2:
  version "0.24.2"
  resolved "https://registry.yarnpkg.com/esbuild/-/esbuild-0.24.2.tgz#b5b55bee7de017bff5fb8a4e3e44f2ebe2c3567d"
  integrity sha512-+9egpBW8I3CD5XPe0n6BfT5fxLzxrlDzqydF3aviG+9ni1lDC/OvMHcxqEFV0+LANZG5R1bFMWfUrjVsdwxJvA==
  optionalDependencies:
    "@esbuild/aix-ppc64" "0.24.2"
    "@esbuild/android-arm" "0.24.2"
    "@esbuild/android-arm64" "0.24.2"
    "@esbuild/android-x64" "0.24.2"
    "@esbuild/darwin-arm64" "0.24.2"
    "@esbuild/darwin-x64" "0.24.2"
    "@esbuild/freebsd-arm64" "0.24.2"
    "@esbuild/freebsd-x64" "0.24.2"
    "@esbuild/linux-arm" "0.24.2"
    "@esbuild/linux-arm64" "0.24.2"
    "@esbuild/linux-ia32" "0.24.2"
    "@esbuild/linux-loong64" "0.24.2"
    "@esbuild/linux-mips64el" "0.24.2"
    "@esbuild/linux-ppc64" "0.24.2"
    "@esbuild/linux-riscv64" "0.24.2"
    "@esbuild/linux-s390x" "0.24.2"
    "@esbuild/linux-x64" "0.24.2"
    "@esbuild/netbsd-arm64" "0.24.2"
    "@esbuild/netbsd-x64" "0.24.2"
    "@esbuild/openbsd-arm64" "0.24.2"
    "@esbuild/openbsd-x64" "0.24.2"
    "@esbuild/sunos-x64" "0.24.2"
    "@esbuild/win32-arm64" "0.24.2"
    "@esbuild/win32-ia32" "0.24.2"
    "@esbuild/win32-x64" "0.24.2"

exit-hook@2.2.1:
  version "2.2.1"
  resolved "https://registry.yarnpkg.com/exit-hook/-/exit-hook-2.2.1.tgz#007b2d92c6428eda2b76e7016a34351586934593"
  integrity sha512-eNTPlAD67BmP31LDINZ3U7HSF8l57TxOY2PmBJ1shpCvpnxBF93mWCE8YHBnXs8qiUZJc9WDcWIeC3a2HIAMfw==

exsolve@^1.0.4:
  version "1.0.4"
  resolved "https://registry.yarnpkg.com/exsolve/-/exsolve-1.0.4.tgz#7de5c75af82ecd15998328fbf5f2295883be3a39"
  integrity sha512-xsZH6PXaER4XoV+NiT7JHp1bJodJVT+cxeSH1G0f0tlT0lJqYuHUP3bUx2HtfTDvOagMINYp8rsqusxud3RXhw==

follow-redirects@^1.15.6:
  version "1.15.9"
  resolved "https://registry.yarnpkg.com/follow-redirects/-/follow-redirects-1.15.9.tgz#a604fa10e443bf98ca94228d9eebcc2e8a2c8ee1"
  integrity sha512-gew4GsXizNgdoRyqmyfMHyAmXsZDk6mHkSxZFCzW9gwlbtOW44CDtYavM+y+72qD/Vq2l550kMF52DT8fOLJqQ==

form-data@^4.0.0:
  version "4.0.2"
  resolved "https://registry.yarnpkg.com/form-data/-/form-data-4.0.2.tgz#35cabbdd30c3ce73deb2c42d3c8d3ed9ca51794c"
  integrity sha512-hGfm/slu0ZabnNt4oaRZ6uREyfCj6P4fT/n6A1rGV+Z0VdGXjfOhVUpkn6qVQONHGIFwmveGXyDs75+nr6FM8w==
  dependencies:
    asynckit "^0.4.0"
    combined-stream "^1.0.8"
    es-set-tostringtag "^2.1.0"
    mime-types "^2.1.12"

fsevents@~2.3.2:
  version "2.3.3"
  resolved "https://registry.yarnpkg.com/fsevents/-/fsevents-2.3.3.tgz#cac6407785d03675a2a5e1a5305c697b347d90d6"
  integrity sha512-5xoDfX+fL7faATnagmWPpbFtwh/R77WmMMqqHGS65C3vvB0YHrgF+B1YmZ3441tMj5n63k0212XNoJwzlhffQw==

function-bind@^1.1.2:
  version "1.1.2"
  resolved "https://registry.yarnpkg.com/function-bind/-/function-bind-1.1.2.tgz#2c02d864d97f3ea6c8830c464cbd11ab6eab7a1c"
  integrity sha512-7XHNxH7qX9xG5mIwxkhumTox/MIRNcOgDrxWsMt2pAr23WHp6MrRlN7FBSFpCpr+oVO0F744iUgR82nJMfG2SA==

get-intrinsic@^1.2.6:
  version "1.3.0"
  resolved "https://registry.yarnpkg.com/get-intrinsic/-/get-intrinsic-1.3.0.tgz#743f0e3b6964a93a5491ed1bffaae054d7f98d01"
  integrity sha512-9fSjSaos/fRIVIp+xSJlE6lfwhES7LNtKaCBIamHsjr2na1BiABJPo0mOjjz8GJDURarmCPGqaiVg5mfjb98CQ==
  dependencies:
    call-bind-apply-helpers "^1.0.2"
    es-define-property "^1.0.1"
    es-errors "^1.3.0"
    es-object-atoms "^1.1.1"
    function-bind "^1.1.2"
    get-proto "^1.0.1"
    gopd "^1.2.0"
    has-symbols "^1.1.0"
    hasown "^2.0.2"
    math-intrinsics "^1.1.0"

get-proto@^1.0.1:
  version "1.0.1"
  resolved "https://registry.yarnpkg.com/get-proto/-/get-proto-1.0.1.tgz#150b3f2743869ef3e851ec0c49d15b1d14d00ee1"
  integrity sha512-sTSfBjoXBp89JvIKIefqw7U2CCebsc74kiY6awiGogKtoSGbgjYE/G/+l9sF3MWFPNc9IcoOC4ODfKHfxFmp0g==
  dependencies:
    dunder-proto "^1.0.1"
    es-object-atoms "^1.0.0"

get-source@^2.0.12:
  version "2.0.12"
  resolved "https://registry.yarnpkg.com/get-source/-/get-source-2.0.12.tgz#0b47d57ea1e53ce0d3a69f4f3d277eb8047da944"
  integrity sha512-X5+4+iD+HoSeEED+uwrQ07BOQr0kEDFMVqqpBuI+RaZBpBpHCuXxo70bjar6f0b0u/DQJsJ7ssurpP0V60Az+w==
  dependencies:
    data-uri-to-buffer "^2.0.0"
    source-map "^0.6.1"

glob-to-regexp@0.4.1:
  version "0.4.1"
  resolved "https://registry.yarnpkg.com/glob-to-regexp/-/glob-to-regexp-0.4.1.tgz#c75297087c851b9a578bd217dd59a92f59fe546e"
  integrity sha512-lkX1HJXwyMcprw/5YUZc2s7DrpAiHB21/V+E1rHUrVNokkvB6bqMzT0VfV6/86ZNabt1k14YOIaT7nDvOX3Iiw==

gopd@^1.2.0:
  version "1.2.0"
  resolved "https://registry.yarnpkg.com/gopd/-/gopd-1.2.0.tgz#89f56b8217bdbc8802bd299df6d7f1081d7e51a1"
  integrity sha512-ZUKRh6/kUFoAiTAtTYPZJ3hw9wNxx+BIBOijnlG9PnrJsCcSjs1wyyD6vJpaYtgnzDrKYRSqf3OO6Rfa93xsRg==

has-symbols@^1.0.3, has-symbols@^1.1.0:
  version "1.1.0"
  resolved "https://registry.yarnpkg.com/has-symbols/-/has-symbols-1.1.0.tgz#fc9c6a783a084951d0b971fe1018de813707a338"
  integrity sha512-1cDNdwJ2Jaohmb3sg4OmKaMBwuC48sYni5HUw2DvsC8LjGTLK9h+eb1X6RyuOHe4hT0ULCW68iomhjUoKUqlPQ==

has-tostringtag@^1.0.2:
  version "1.0.2"
  resolved "https://registry.yarnpkg.com/has-tostringtag/-/has-tostringtag-1.0.2.tgz#2cdc42d40bef2e5b4eeab7c01a73c54ce7ab5abc"
  integrity sha512-NqADB8VjPFLM2V0VvHUewwwsw0ZWBaIdgo+ieHtK3hasLz4qeCRjYcqfB6AQrBggRKppKF8L52/VqdVsO47Dlw==
  dependencies:
    has-symbols "^1.0.3"

hasown@^2.0.2:
  version "2.0.2"
  resolved "https://registry.yarnpkg.com/hasown/-/hasown-2.0.2.tgz#003eaf91be7adc372e84ec59dc37252cedb80003"
  integrity sha512-0hJU9SCPvmMzIBdZFqNPXWa6dqh7WdH0cII9y+CyS8rG3nL48Bclra9HmKhVVUHyPWNH5Y7xDwAB7bfgSjkUMQ==
  dependencies:
    function-bind "^1.1.2"

is-arrayish@^0.3.1:
  version "0.3.2"
  resolved "https://registry.yarnpkg.com/is-arrayish/-/is-arrayish-0.3.2.tgz#4574a2ae56f7ab206896fb431eaeed066fdf8f03"
  integrity sha512-eVRqCvVlZbuw3GrM63ovNSNAeA1K16kaR/LRY/92w0zxQ5/1YzwblUX652i4Xs9RwAGjW9d9y6X88t8OaAJfWQ==

lodash.get@^4.4.2:
  version "4.4.2"
  resolved "https://registry.yarnpkg.com/lodash.get/-/lodash.get-4.4.2.tgz#2d177f652fa31e939b4438d5341499dfa3825e99"
  integrity sha512-z+Uw/vLuy6gQe8cfaFWD7p0wVv8fJl3mbzXh33RS+0oW2wvUqiRXiQ69gLWSLpgB5/6sU+r6BlQR0MBILadqTQ==

long-timeout@0.1.1:
  version "0.1.1"
  resolved "https://registry.yarnpkg.com/long-timeout/-/long-timeout-0.1.1.tgz#9721d788b47e0bcb5a24c2e2bee1a0da55dab514"
  integrity sha512-BFRuQUqc7x2NWxfJBCyUrN8iYUYznzL9JROmRz1gZ6KlOIgmoD+njPVbb+VNn2nGMKggMsK79iUNErillsrx7w==

luxon@^3.2.1:
  version "3.6.0"
  resolved "https://registry.yarnpkg.com/luxon/-/luxon-3.6.0.tgz#e84453dbdbd716b5eac95bee702b379863059f83"
  integrity sha512-WE7p0p7W1xji9qxkLYsvcIxZyfP48GuFrWIBQZIsbjCyf65dG1rv4n83HcOyEyhvzxJCrUoObCRNFgRNIQ5KNA==

math-intrinsics@^1.1.0:
  version "1.1.0"
  resolved "https://registry.yarnpkg.com/math-intrinsics/-/math-intrinsics-1.1.0.tgz#a0dd74be81e2aa5c2f27e65ce283605ee4e2b7f9"
  integrity sha512-/IXtbwEk5HTPyEwyKX6hGkYXxM9nbj64B+ilVJnC/R6B0pH5G4V3b0pVbL7DBj4tkhBAppbQUlf6F6Xl9LHu1g==

mime-db@1.52.0:
  version "1.52.0"
  resolved "https://registry.yarnpkg.com/mime-db/-/mime-db-1.52.0.tgz#bbabcdc02859f4987301c856e3387ce5ec43bf70"
  integrity sha512-sPU4uV7dYlvtWJxwwxHD0PuihVNiE7TyAbQ5SWxDCB9mUYvOgroQOwYQQOKPJ8CIbE+1ETVlOoK1UC2nU3gYvg==

mime-types@^2.1.12:
  version "2.1.35"
  resolved "https://registry.yarnpkg.com/mime-types/-/mime-types-2.1.35.tgz#381a871b62a734450660ae3deee44813f70d959a"
  integrity sha512-ZDY+bPm5zTTF+YpCrAU9nK0UgICYPT0QtT1NZWFv4s++TNkcgVaT0g6+4R2uI4MjQjzysHB1zxuWL50hzaeXiw==
  dependencies:
    mime-db "1.52.0"

mime@^3.0.0:
  version "3.0.0"
  resolved "https://registry.yarnpkg.com/mime/-/mime-3.0.0.tgz#b374550dca3a0c18443b0c950a6a58f1931cf7a7"
  integrity sha512-jSCU7/VB1loIWBZe14aEYHU/+1UMEHoaO7qxCOVJOw9GgH72VAWppxNcjU+x9a2k3GSIBXNKxXQFqRvvZ7vr3A==

miniflare@4.20250321.1:
  version "4.20250321.1"
  resolved "https://registry.yarnpkg.com/miniflare/-/miniflare-4.20250321.1.tgz#680688eb0f07ec7939da9857bc322b4d7b97d0e5"
  integrity sha512-pQuVtF6vQ1zMvPCo3Z19mzSFjgnlEnybzNzAJZipsqIk6kMXpYBZq+d8cWmeQFkBYlgeZKeKJ4EBKT6KapfTNg==
  dependencies:
    "@cspotcode/source-map-support" "0.8.1"
    acorn "8.14.0"
    acorn-walk "8.3.2"
    exit-hook "2.2.1"
    glob-to-regexp "0.4.1"
    stoppable "1.1.0"
    undici "^5.28.5"
    workerd "1.20250321.0"
    ws "8.18.0"
    youch "3.2.3"
    zod "3.22.3"

mustache@^4.2.0:
  version "4.2.0"
  resolved "https://registry.yarnpkg.com/mustache/-/mustache-4.2.0.tgz#e5892324d60a12ec9c2a73359edca52972bf6f64"
  integrity sha512-71ippSywq5Yb7/tVYyGbkBggbU8H3u5Rz56fH60jGFgr8uHwxs+aSKeqmluIVzM0m0kB7xQjKS6qPfd0b2ZoqQ==

node-schedule@^2.1.1:
  version "2.1.1"
  resolved "https://registry.yarnpkg.com/node-schedule/-/node-schedule-2.1.1.tgz#6958b2c5af8834954f69bb0a7a97c62b97185de3"
  integrity sha512-OXdegQq03OmXEjt2hZP33W2YPs/E5BcFQks46+G2gAxs4gHOIVD1u7EqlYLYSKsaIpyKCK9Gbk0ta1/gjRSMRQ==
  dependencies:
    cron-parser "^4.2.0"
    long-timeout "0.1.1"
    sorted-array-functions "^1.3.0"

ohash@^2.0.11:
  version "2.0.11"
  resolved "https://registry.yarnpkg.com/ohash/-/ohash-2.0.11.tgz#60b11e8cff62ca9dee88d13747a5baa145f5900b"
  integrity sha512-RdR9FQrFwNBNXAr4GixM8YaRZRJ5PUWbKYbE5eOsrwAjJW0q2REGcf79oYPsLyskQCZG1PLN+S/K1V00joZAoQ==

path-to-regexp@6.3.0:
  version "6.3.0"
  resolved "https://registry.yarnpkg.com/path-to-regexp/-/path-to-regexp-6.3.0.tgz#2b6a26a337737a8e1416f9272ed0766b1c0389f4"
  integrity sha512-Yhpw4T9C6hPpgPeA28us07OJeqZ5EzQTkbfwuhsUg0c237RomFoETJgmp2sa3F/41gfLE6G5cqcYwznmeEeOlQ==

pathe@^2.0.3:
  version "2.0.3"
  resolved "https://registry.yarnpkg.com/pathe/-/pathe-2.0.3.tgz#3ecbec55421685b70a9da872b2cff3e1cbed1716"
  integrity sha512-WUjGcAqP1gQacoQe+OBJsFA7Ld4DyXuUIjZ5cc75cLHvJ7dtNsTugphxIADwspS+AraAUePCKrSVtPLFj/F88w==

printable-characters@^1.0.42:
  version "1.0.42"
  resolved "https://registry.yarnpkg.com/printable-characters/-/printable-characters-1.0.42.tgz#3f18e977a9bd8eb37fcc4ff5659d7be90868b3d8"
  integrity sha512-dKp+C4iXWK4vVYZmYSd0KBH5F/h1HoZRsbJ82AVKRO3PEo8L4lBS/vLwhVtpwwuYcoIsVY+1JYKR268yn480uQ==

proxy-from-env@^1.1.0:
  version "1.1.0"
  resolved "https://registry.yarnpkg.com/proxy-from-env/-/proxy-from-env-1.1.0.tgz#e102f16ca355424865755d2c9e8ea4f24d58c3e2"
  integrity sha512-D+zkORCbA9f1tdWRK0RaCR3GPv50cMxcrz4X8k5LTSUD1Dkw47mKJEZQNunItRTkWwgtaUSo1RVFRIG9ZXiFYg==

semver@^7.6.3:
  version "7.7.1"
  resolved "https://registry.yarnpkg.com/semver/-/semver-7.7.1.tgz#abd5098d82b18c6c81f6074ff2647fd3e7220c9f"
  integrity sha512-hlq8tAfn0m/61p4BVRcPzIGr6LKiMwo4VM6dGi6pt4qcRkmNzTcWq6eCEjEh+qXjkMDvPlOFFSGwQjoEa6gyMA==

sharp@^0.33.5:
  version "0.33.5"
  resolved "https://registry.yarnpkg.com/sharp/-/sharp-0.33.5.tgz#13e0e4130cc309d6a9497596715240b2ec0c594e"
  integrity sha512-haPVm1EkS9pgvHrQ/F3Xy+hgcuMV0Wm9vfIBSiwZ05k+xgb0PkBQpGsAA/oWdDobNaZTH5ppvHtzCFbnSEwHVw==
  dependencies:
    color "^4.2.3"
    detect-libc "^2.0.3"
    semver "^7.6.3"
  optionalDependencies:
    "@img/sharp-darwin-arm64" "0.33.5"
    "@img/sharp-darwin-x64" "0.33.5"
    "@img/sharp-libvips-darwin-arm64" "1.0.4"
    "@img/sharp-libvips-darwin-x64" "1.0.4"
    "@img/sharp-libvips-linux-arm" "1.0.5"
    "@img/sharp-libvips-linux-arm64" "1.0.4"
    "@img/sharp-libvips-linux-s390x" "1.0.4"
    "@img/sharp-libvips-linux-x64" "1.0.4"
    "@img/sharp-libvips-linuxmusl-arm64" "1.0.4"
    "@img/sharp-libvips-linuxmusl-x64" "1.0.4"
    "@img/sharp-linux-arm" "0.33.5"
    "@img/sharp-linux-arm64" "0.33.5"
    "@img/sharp-linux-s390x" "0.33.5"
    "@img/sharp-linux-x64" "0.33.5"
    "@img/sharp-linuxmusl-arm64" "0.33.5"
    "@img/sharp-linuxmusl-x64" "0.33.5"
    "@img/sharp-wasm32" "0.33.5"
    "@img/sharp-win32-ia32" "0.33.5"
    "@img/sharp-win32-x64" "0.33.5"

simple-swizzle@^0.2.2:
  version "0.2.2"
  resolved "https://registry.yarnpkg.com/simple-swizzle/-/simple-swizzle-0.2.2.tgz#a4da6b635ffcccca33f70d17cb92592de95e557a"
  integrity sha512-JA//kQgZtbuY83m+xT+tXJkmJncGMTFT+C+g2h2R9uxkYIrE2yy9sgmcLhCnw57/WSD+Eh3J97FPEDFnbXnDUg==
  dependencies:
    is-arrayish "^0.3.1"

sorted-array-functions@^1.3.0:
  version "1.3.0"
  resolved "https://registry.yarnpkg.com/sorted-array-functions/-/sorted-array-functions-1.3.0.tgz#8605695563294dffb2c9796d602bd8459f7a0dd5"
  integrity sha512-2sqgzeFlid6N4Z2fUQ1cvFmTOLRi/sEDzSQ0OKYchqgoPmQBVyM3959qYx3fpS6Esef80KjmpgPeEr028dP3OA==

source-map@^0.6.1:
  version "0.6.1"
  resolved "https://registry.yarnpkg.com/source-map/-/source-map-0.6.1.tgz#74722af32e9614e9c287a8d0bbde48b5e2f1a263"
  integrity sha512-UjgapumWlbMhkBgzT7Ykc5YXUT46F0iKu8SGXq0bcwP5dz/h0Plj6enJqjz1Zbq2l5WaqYnrVbwWOWMyF3F47g==

stacktracey@^2.1.8:
  version "2.1.8"
  resolved "https://registry.yarnpkg.com/stacktracey/-/stacktracey-2.1.8.tgz#bf9916020738ce3700d1323b32bd2c91ea71199d"
  integrity sha512-Kpij9riA+UNg7TnphqjH7/CzctQ/owJGNbFkfEeve4Z4uxT5+JapVLFXcsurIfN34gnTWZNJ/f7NMG0E8JDzTw==
  dependencies:
    as-table "^1.0.36"
    get-source "^2.0.12"

stoppable@1.1.0:
  version "1.1.0"
  resolved "https://registry.yarnpkg.com/stoppable/-/stoppable-1.1.0.tgz#32da568e83ea488b08e4d7ea2c3bcc9d75015d5b"
  integrity sha512-KXDYZ9dszj6bzvnEMRYvxgeTHU74QBFL54XKtP3nyMuJ81CFYtABZ3bAzL2EdFUaEwJOBOgENyFj3R7oTzDyyw==

tslib@^2.4.0:
  version "2.8.1"
  resolved "https://registry.yarnpkg.com/tslib/-/tslib-2.8.1.tgz#612efe4ed235d567e8aba5f2a5fab70280ade83f"
  integrity sha512-oJFu94HQb+KVduSUQL7wnpmqnfmLsOA/nAh6b6EH0wCEoK0/mPeXU6c3wKDV83MkOuHPRHtSXKKU99IBazS/2w==

typescript@^5.8.2:
  version "5.8.2"
  resolved "https://registry.yarnpkg.com/typescript/-/typescript-5.8.2.tgz#8170b3702f74b79db2e5a96207c15e65807999e4"
  integrity sha512-aJn6wq13/afZp/jT9QZmwEjDqqvSGp1VT5GVg+f/t6/oVyrgXM6BY1h9BRh/O5p3PlUPAe+WuiEZOmb/49RqoQ==

ufo@^1.5.4:
  version "1.5.4"
  resolved "https://registry.yarnpkg.com/ufo/-/ufo-1.5.4.tgz#16d6949674ca0c9e0fbbae1fa20a71d7b1ded754"
  integrity sha512-UsUk3byDzKd04EyoZ7U4DOlxQaD14JUKQl6/P7wiX4FNvUfm3XL246n9W5AmqwW5RSFJ27NAuM0iLscAOYUiGQ==

undici@^5.28.5:
  version "5.29.0"
  resolved "https://registry.yarnpkg.com/undici/-/undici-5.29.0.tgz#419595449ae3f2cdcba3580a2e8903399bd1f5a3"
  integrity sha512-raqeBD6NQK4SkWhQzeYKd1KmIG6dllBOTt55Rmkt4HtI9mwdWtJljnrXjAFUBLTSN67HWrOIZ3EPF4kjUw80Bg==
  dependencies:
    "@fastify/busboy" "^2.0.0"

unenv@2.0.0-rc.15:
  version "2.0.0-rc.15"
  resolved "https://registry.yarnpkg.com/unenv/-/unenv-2.0.0-rc.15.tgz#7fe427b6634f00bda1ade4fecdbc6b2dd7af63be"
  integrity sha512-J/rEIZU8w6FOfLNz/hNKsnY+fFHWnu9MH4yRbSZF3xbbGHovcetXPs7sD+9p8L6CeNC//I9bhRYAOsBt2u7/OA==
  dependencies:
    defu "^6.1.4"
    exsolve "^1.0.4"
    ohash "^2.0.11"
    pathe "^2.0.3"
    ufo "^1.5.4"

workerd@1.20250321.0:
  version "1.20250321.0"
  resolved "https://registry.yarnpkg.com/workerd/-/workerd-1.20250321.0.tgz#be53ed1f8fc854e1ecdc5855e729412e18148c45"
  integrity sha512-vyuz9pdJ+7o1lC79vQ2UVRLXPARa2Lq94PbTfqEcYQeSxeR9X+YqhNq2yysv8Zs5vpokmexLCtMniPp9u+2LVQ==
  optionalDependencies:
    "@cloudflare/workerd-darwin-64" "1.20250321.0"
    "@cloudflare/workerd-darwin-arm64" "1.20250321.0"
    "@cloudflare/workerd-linux-64" "1.20250321.0"
    "@cloudflare/workerd-linux-arm64" "1.20250321.0"
    "@cloudflare/workerd-windows-64" "1.20250321.0"

wrangler@^4.6.0:
  version "4.6.0"
  resolved "https://registry.yarnpkg.com/wrangler/-/wrangler-4.6.0.tgz#ab45e33a97b65a030aa2c0cf964b4299b33c5b63"
  integrity sha512-2a2ZD0adlvxQ1H+nRKkuuD0dkgaYTOPlC7gBolItk5TfqOSliEV4m6DtZtKtJp33ioM+Uy6TlEWPpA2TrDveEQ==
  dependencies:
    "@cloudflare/kv-asset-handler" "0.4.0"
    "@cloudflare/unenv-preset" "2.3.1"
    blake3-wasm "2.1.5"
    esbuild "0.24.2"
    miniflare "4.20250321.1"
    path-to-regexp "6.3.0"
    unenv "2.0.0-rc.15"
    workerd "1.20250321.0"
  optionalDependencies:
    fsevents "~2.3.2"
    sharp "^0.33.5"

ws@8.18.0:
  version "8.18.0"
  resolved "https://registry.yarnpkg.com/ws/-/ws-8.18.0.tgz#0d7505a6eafe2b0e712d232b42279f53bc289bbc"
  integrity sha512-8VbfWfHLbbwu3+N6OKsOMpBdT4kXPDDB9cJk2bJ6mh9ucxdlnNvH1e+roYkKmN9Nxw2yjz7VzeO9oOz2zJ04Pw==

youch@3.2.3:
  version "3.2.3"
  resolved "https://registry.yarnpkg.com/youch/-/youch-3.2.3.tgz#63c94ea504950a1a5bf1d5969439addba6c726e2"
  integrity sha512-ZBcWz/uzZaQVdCvfV4uk616Bbpf2ee+F/AvuKDR5EwX/Y4v06xWdtMluqTD7+KlZdM93lLm9gMZYo0sKBS0pgw==
  dependencies:
    cookie "^0.5.0"
    mustache "^4.2.0"
    stacktracey "^2.1.8"

zod@3.22.3:
  version "3.22.3"
  resolved "https://registry.yarnpkg.com/zod/-/zod-3.22.3.tgz#2fbc96118b174290d94e8896371c95629e87a060"
  integrity sha512-EjIevzuJRiRPbVH4mGc8nApb/lVLKVpmUhAaR5R5doKGfAnGJ6Gr3CViAVjP+4FWSxCsybeWQdcgCtbX+7oZug==
